{
  "nodes": {
    "nixpkgs": {
      "locked": {
        "lastModified": 1739092636,
        "narHash": "sha256-h3MJZPufyEgYho/eIa6BvCSEMHed5a7j3uPk6dZctuY=",
        "owner": "nixos",
        "repo": "nixpkgs",
        "rev": "d9b16fd85014d20ed53f65b0cf45cbc36b60c3fc",
        "type": "github"
      },
      "original": {
        "owner": "nixos",
        "ref": "release-24.11",
        "repo": "nixpkgs",
        "type": "github"
      }
    },
    "root": {
      "inputs": {
        "nixpkgs": "nixpkgs"
      }
    }
  },
  "root": "root",
  "version": 7
}
